
Microsoft Visual Studio Solution File, Format Version 12.00
# Visual Studio 2013
VisualStudioVersion = 12.0.31101.0
MinimumVisualStudioVersion = 10.0.40219.1
Project("{FAE04EC0-301F-11D3-BF4B-00C04F79EFBC}") = "Google-DNS-Updater.Service", "Google-DNS-Updater.Service\Google-DNS-Updater.Service.csproj", "{E51B7088-98AB-4320-925B-F804A086C0D6}"
EndProject
Project("{2150E333-8FDC-42A3-9474-1A3956D46DE8}") = "Solution Files", "Solution Files", "{7B86542B-0008-4070-BDBF-072D830E90D1}"
	ProjectSection(SolutionItems) = preProject
		.gitattributes = .gitattributes
		.gitignore = .gitignore
		appveyor.yml = appveyor.yml
		lib\bootstrap.ps1 = lib\bootstrap.ps1
		build.bat = build.bat
		lib\common.psm1 = lib\common.psm1
		lib\default.ps1 = lib\default.ps1
		LICENSE = LICENSE
		README.md = README.md
	EndProjectSection
EndProject
Project("{2150E333-8FDC-42A3-9474-1A3956D46DE8}") = ".nuget", ".nuget", "{E9AB1D62-509F-4D0C-A321-4948EDFC84BF}"
	ProjectSection(SolutionItems) = preProject
		.nuget\NuGet.Config = .nuget\NuGet.Config
		.nuget\NuGet.targets = .nuget\NuGet.targets
	EndProjectSection
EndProject
Global
	GlobalSection(SolutionConfigurationPlatforms) = preSolution
		Debug|Any CPU = Debug|Any CPU
		Release|Any CPU = Release|Any CPU
	EndGlobalSection
	GlobalSection(ProjectConfigurationPlatforms) = postSolution
		{E51B7088-98AB-4320-925B-F804A086C0D6}.Debug|Any CPU.ActiveCfg = Debug|Any CPU
		{E51B7088-98AB-4320-925B-F804A086C0D6}.Debug|Any CPU.Build.0 = Debug|Any CPU
		{E51B7088-98AB-4320-925B-F804A086C0D6}.Release|Any CPU.ActiveCfg = Release|Any CPU
		{E51B7088-98AB-4320-925B-F804A086C0D6}.Release|Any CPU.Build.0 = Release|Any CPU
	EndGlobalSection
	GlobalSection(SolutionProperties) = preSolution
		HideSolutionNode = FALSE
	EndGlobalSection
EndGlobal
